Microsoft Visual Studio Solution File, Format Version 12.00
# Visual Studio Version 17
VisualStudioVersion = 17.5.2.0
MinimumVisualStudioVersion = 10.0.40219.1
Project("{FAE04EC0-301F-11D3-BF4B-00C04F79EFBC}") = "PhoneStoreMVC", "PhoneStoreMVC\PhoneStoreMVC.csproj", "{81BF4F2E-0FFA-D509-9BF7-E57BFBCCE5CE}"
EndProject
Global
	GlobalSection(SolutionConfigurationPlatforms) = preSolution
		Debug|Any CPU = Debug|Any CPU
		Release|Any CPU = Release|Any CPU
	EndGlobalSection
	GlobalSection(ProjectConfigurationPlatforms) = postSolution
		{81BF4F2E-0FFA-D509-9BF7-E57BFBCCE5CE}.Debug|Any CPU.ActiveCfg = Debug|Any CPU
		{81BF4F2E-0FFA-D509-9BF7-E57BFBCCE5CE}.Debug|Any CPU.Build.0 = Debug|Any CPU
		{81BF4F2E-0FFA-D509-9BF7-E57BFBCCE5CE}.Release|Any CPU.ActiveCfg = Release|Any CPU
		{81BF4F2E-0FFA-D509-9BF7-E57BFBCCE5CE}.Release|Any CPU.Build.0 = Release|Any CPU
	EndGlobalSection
	GlobalSection(SolutionProperties) = preSolution
		HideSolutionNode = FALSE
	EndGlobalSection
	GlobalSection(ExtensibilityGlobals) = postSolution
		SolutionGuid = {FDA4A7FC-9DDF-4E3D-8209-701460CC5243}
	EndGlobalSection
EndGlobal
